
Microsoft Visual Studio Solution File, Format Version 12.00
# Visual Studio Version 16
VisualStudioVersion = 16.0.29609.76
MinimumVisualStudioVersion = 10.0.40219.1
Project("{8BC9CEB8-8B4A-11D0-8D11-00A0C91BC942}") = "data-structures", "data-structures\data-structures.vcxproj", "{D432E7FC-1957-42DA-810A-272B8A74B2DC}"
EndProject
Global
	GlobalSection(SolutionConfigurationPlatforms) = preSolution
		Debug|x64 = Debug|x64
		Release|x64 = Release|x64
	EndGlobalSection
	GlobalSection(ProjectConfigurationPlatforms) = postSolution
		{D432E7FC-1957-42DA-810A-272B8A74B2DC}.Debug|x64.ActiveCfg = Debug|x64
		{D432E7FC-1957-42DA-810A-272B8A74B2DC}.Debug|x64.Build.0 = Debug|x64
		{D432E7FC-1957-42DA-810A-272B8A74B2DC}.Release|x64.ActiveCfg = Release|x64
		{D432E7FC-1957-42DA-810A-272B8A74B2DC}.Release|x64.Build.0 = Release|x64
	EndGlobalSection
	GlobalSection(SolutionProperties) = preSolution
		HideSolutionNode = FALSE
	EndGlobalSection
	GlobalSection(ExtensibilityGlobals) = postSolution
		SolutionGuid = {FC58F730-CA1A-4535-AAB9-7AE09A112400}
	EndGlobalSection
EndGlobal
